<?xml version="1.0" encoding="UTF-8" standalone="yes" ?>
<CodeBlocks_project_file>
	<FileVersion major="1" minor="6" />
	<Project>
		<Option title="WxSample" />
		<Option pch_mode="2" />
		<Option compiler="icc" />
		<Build>
			<Target title="Debug">
				<Option output="bin/WxSample" prefix_auto="1" extension_auto="1" />
				<Option object_output="obj/" />
				<Option type="0" />
				<Option compiler="icc" />
				<Option projectLinkerOptionsRelation="2" />
				<Compiler>
					<Add option="/Zi" />
				</Compiler>
			</Target>
		</Build>
		<Compiler>
			<Add option="`wx-config --cflags`" />
			<Add option="-Wall" />
		</Compiler>
		<Linker>
			<Add option="`wx-config --libs`" />
		</Linker>
		<Unit filename="WxSampleApp.cpp" />
		<Unit filename="WxSampleApp.h" />
		<Unit filename="WxSampleMain.cpp" />
		<Unit filename="WxSampleMain.h" />
		<Extensions>
			<code_completion />
			<debugger />
		</Extensions>
	</Project>
</CodeBlocks_project_file>
